// !$*UTF8*$!
{
	archiveVersion = 1;
	classes = {
	};
	objectVersion = 51;
	objects = {

/* Begin PBXBuildFile section */
		387DC88824E6F0070059D94F /* Roboto-Light.ttf in Resources */ = {isa = PBXBuildFile; fileRef = 387DC88424E6F0070059D94F /* Roboto-Light.ttf */; };
		387DC88924E6F0070059D94F /* Roboto-Bold.ttf in Resources */ = {isa = PBXBuildFile; fileRef = 387DC88524E6F0070059D94F /* Roboto-Bold.ttf */; };
		387DC88A24E6F0070059D94F /* Roboto-Regular.ttf in Resources */ = {isa = PBXBuildFile; fileRef = 387DC88624E6F0070059D94F /* Roboto-Regular.ttf */; };
		387DC88B24E6F0070059D94F /* Roboto-Thin.ttf in Resources */ = {isa = PBXBuildFile; fileRef = 387DC88724E6F0070059D94F /* Roboto-Thin.ttf */; };
		38E7BC64247C4201004E503D /* AppDelegate.swift in Sources */ = {isa = PBXBuildFile; fileRef = 38E7BC63247C4201004E503D /* AppDelegate.swift */; };
		38E7BC68247C4201004E503D /* Home.swift in Sources */ = {isa = PBXBuildFile; fileRef = 38E7BC67247C4201004E503D /* Home.swift */; };
		38E7BC6B247C4201004E503D /* Main.storyboard in Resources */ = {isa = PBXBuildFile; fileRef = 38E7BC69247C4201004E503D /* Main.storyboard */; };
		38E7BC6D247C4204004E503D /* Assets.xcassets in Resources */ = {isa = PBXBuildFile; fileRef = 38E7BC6C247C4204004E503D /* Assets.xcassets */; };
		38E7BC70247C4204004E503D /* LaunchScreen.storyboard in Resources */ = {isa = PBXBuildFile; fileRef = 38E7BC6E247C4204004E503D /* LaunchScreen.storyboard */; };
		38E7BC7824816724004E503D /* TabController.swift in Sources */ = {isa = PBXBuildFile; fileRef = 38E7BC7724816724004E503D /* TabController.swift */; };
		38E7BC7A2485CEF8004E503D /* Stats.swift in Sources */ = {isa = PBXBuildFile; fileRef = 38E7BC792485CEF7004E503D /* Stats.swift */; };
		38E7BC7C2485D647004E503D /* Menus.swift in Sources */ = {isa = PBXBuildFile; fileRef = 38E7BC7B2485D647004E503D /* Menus.swift */; };
		38E7BC7E2485D651004E503D /* Settings.swift in Sources */ = {isa = PBXBuildFile; fileRef = 38E7BC7D2485D651004E503D /* Settings.swift */; };
		38E7BC802485D68D004E503D /* NavController.swift in Sources */ = {isa = PBXBuildFile; fileRef = 38E7BC7F2485D68D004E503D /* NavController.swift */; };
		4BD554C0390531C46DD8AFF0 /* Pods_myDiner.framework in Frameworks */ = {isa = PBXBuildFile; fileRef = 828AB73AFA9CB42C847EA415 /* Pods_myDiner.framework */; };
/* End PBXBuildFile section */

/* Begin PBXFileReference section */
		00B1545B28FB177B37B1DAA0 /* Pods-myDiner.release.xcconfig */ = {isa = PBXFileReference; includeInIndex = 1; lastKnownFileType = text.xcconfig; name = "Pods-myDiner.release.xcconfig"; path = "Pods/Target Support Files/Pods-myDiner/Pods-myDiner.release.xcconfig"; sourceTree = "<group>"; };
		0BDDE66B515544691072F5FA /* Pods-myDiner.debug.xcconfig */ = {isa = PBXFileReference; includeInIndex = 1; lastKnownFileType = text.xcconfig; name = "Pods-myDiner.debug.xcconfig"; path = "Pods/Target Support Files/Pods-myDiner/Pods-myDiner.debug.xcconfig"; sourceTree = "<group>"; };
		387DC88424E6F0070059D94F /* Roboto-Light.ttf */ = {isa = PBXFileReference; lastKnownFileType = file; path = "Roboto-Light.ttf"; sourceTree = "<group>"; };
		387DC88524E6F0070059D94F /* Roboto-Bold.ttf */ = {isa = PBXFileReference; lastKnownFileType = file; path = "Roboto-Bold.ttf"; sourceTree = "<group>"; };
		387DC88624E6F0070059D94F /* Roboto-Regular.ttf */ = {isa = PBXFileReference; lastKnownFileType = file; path = "Roboto-Regular.ttf"; sourceTree = "<group>"; };
		387DC88724E6F0070059D94F /* Roboto-Thin.ttf */ = {isa = PBXFileReference; lastKnownFileType = file; path = "Roboto-Thin.ttf"; sourceTree = "<group>"; };
		38E7BC60247C4201004E503D /* myDiner.app */ = {isa = PBXFileReference; explicitFileType = wrapper.application; includeInIndex = 0; path = myDiner.app; sourceTree = BUILT_PRODUCTS_DIR; };
		38E7BC63247C4201004E503D /* AppDelegate.swift */ = {isa = PBXFileReference; lastKnownFileType = sourcecode.swift; path = AppDelegate.swift; sourceTree = "<group>"; };
		38E7BC67247C4201004E503D /* Home.swift */ = {isa = PBXFileReference; lastKnownFileType = sourcecode.swift; path = Home.swift; sourceTree = "<group>"; };
		38E7BC6A247C4201004E503D /* Base */ = {isa = PBXFileReference; lastKnownFileType = file.storyboard; name = Base; path = Base.lproj/Main.storyboard; sourceTree = "<group>"; };
		38E7BC6C247C4204004E503D /* Assets.xcassets */ = {isa = PBXFileReference; lastKnownFileType = folder.assetcatalog; path = Assets.xcassets; sourceTree = "<group>"; };
		38E7BC6F247C4204004E503D /* Base */ = {isa = PBXFileReference; lastKnownFileType = file.storyboard; name = Base; path = Base.lproj/LaunchScreen.storyboard; sourceTree = "<group>"; };
		38E7BC71247C4204004E503D /* Info.plist */ = {isa = PBXFileReference; lastKnownFileType = text.plist.xml; path = Info.plist; sourceTree = "<group>"; };
		38E7BC7724816724004E503D /* TabController.swift */ = {isa = PBXFileReference; lastKnownFileType = sourcecode.swift; path = TabController.swift; sourceTree = "<group>"; };
		38E7BC792485CEF7004E503D /* Stats.swift */ = {isa = PBXFileReference; lastKnownFileType = sourcecode.swift; path = Stats.swift; sourceTree = "<group>"; };
		38E7BC7B2485D647004E503D /* Menus.swift */ = {isa = PBXFileReference; lastKnownFileType = sourcecode.swift; path = Menus.swift; sourceTree = "<group>"; };
		38E7BC7D2485D651004E503D /* Settings.swift */ = {isa = PBXFileReference; lastKnownFileType = sourcecode.swift; path = Settings.swift; sourceTree = "<group>"; };
		38E7BC7F2485D68D004E503D /* NavController.swift */ = {isa = PBXFileReference; lastKnownFileType = sourcecode.swift; path = NavController.swift; sourceTree = "<group>"; };
		828AB73AFA9CB42C847EA415 /* Pods_myDiner.framework */ = {isa = PBXFileReference; explicitFileType = wrapper.framework; includeInIndex = 0; path = Pods_myDiner.framework; sourceTree = BUILT_PRODUCTS_DIR; };
/* End PBXFileReference section */

/* Begin PBXFrameworksBuildPhase section */
		38E7BC5D247C4201004E503D /* Frameworks */ = {
			isa = PBXFrameworksBuildPhase;
			buildActionMask = 2147483647;
			files = (
				4BD554C0390531C46DD8AFF0 /* Pods_myDiner.framework in Frameworks */,
			);
			runOnlyForDeploymentPostprocessing = 0;
		};
/* End PBXFrameworksBuildPhase section */

/* Begin PBXGroup section */
		38E7BC57247C4201004E503D = {
			isa = PBXGroup;
			children = (
				38E7BC62247C4201004E503D /* myDiner */,
				38E7BC61247C4201004E503D /* Products */,
				5CD7B0D6FFB1299B0B136EB4 /* Pods */,
				8CB3390026E975AF090DE58B /* Frameworks */,
			);
			sourceTree = "<group>";
		};
		38E7BC61247C4201004E503D /* Products */ = {
			isa = PBXGroup;
			children = (
				38E7BC60247C4201004E503D /* myDiner.app */,
			);
			name = Products;
			sourceTree = "<group>";
		};
		38E7BC62247C4201004E503D /* myDiner */ = {
			isa = PBXGroup;
			children = (
				38E7BC63247C4201004E503D /* AppDelegate.swift */,
				38E7BC67247C4201004E503D /* Home.swift */,
				38E7BC7B2485D647004E503D /* Menus.swift */,
				38E7BC7D2485D651004E503D /* Settings.swift */,
				38E7BC69247C4201004E503D /* Main.storyboard */,
				387DC88524E6F0070059D94F /* Roboto-Bold.ttf */,
				387DC88424E6F0070059D94F /* Roboto-Light.ttf */,
				387DC88624E6F0070059D94F /* Roboto-Regular.ttf */,
				387DC88724E6F0070059D94F /* Roboto-Thin.ttf */,
				38E7BC7F2485D68D004E503D /* NavController.swift */,
				38E7BC7724816724004E503D /* TabController.swift */,
				38E7BC6C247C4204004E503D /* Assets.xcassets */,
				38E7BC792485CEF7004E503D /* Stats.swift */,
				38E7BC6E247C4204004E503D /* LaunchScreen.storyboard */,
				38E7BC71247C4204004E503D /* Info.plist */,
			);
			path = myDiner;
			sourceTree = "<group>";
		};
		5CD7B0D6FFB1299B0B136EB4 /* Pods */ = {
			isa = PBXGroup;
			children = (
				0BDDE66B515544691072F5FA /* Pods-myDiner.debug.xcconfig */,
				00B1545B28FB177B37B1DAA0 /* Pods-myDiner.release.xcconfig */,
			);
			name = Pods;
			sourceTree = "<group>";
		};
		8CB3390026E975AF090DE58B /* Frameworks */ = {
			isa = PBXGroup;
			children = (
				828AB73AFA9CB42C847EA415 /* Pods_myDiner.framework */,
			);
			name = Frameworks;
			sourceTree = "<group>";
		};
/* End PBXGroup section */

/* Begin PBXNativeTarget section */
		38E7BC5F247C4201004E503D /* myDiner */ = {
			isa = PBXNativeTarget;
			buildConfigurationList = 38E7BC74247C4204004E503D /* Build configuration list for PBXNativeTarget "myDiner" */;
			buildPhases = (
				049A48650FE7DBB0ECA653B9 /* [CP] Check Pods Manifest.lock */,
				38E7BC5C247C4201004E503D /* Sources */,
				38E7BC5D247C4201004E503D /* Frameworks */,
				38E7BC5E247C4201004E503D /* Resources */,
				7DD8043CFAE3A5F1A81AA59B /* [CP] Embed Pods Frameworks */,
			);
			buildRules = (
			);
			dependencies = (
			);
			name = myDiner;
			productName = myDiner;
			productReference = 38E7BC60247C4201004E503D /* myDiner.app */;
			productType = "com.apple.product-type.application";
		};
/* End PBXNativeTarget section */

/* Begin PBXProject section */
		38E7BC58247C4201004E503D /* Project object */ = {
			isa = PBXProject;
			attributes = {
				LastSwiftUpdateCheck = 1120;
				LastUpgradeCheck = 1120;
				ORGANIZATIONNAME = "Matt Frohman";
				TargetAttributes = {
					38E7BC5F247C4201004E503D = {
						CreatedOnToolsVersion = 11.2.1;
					};
				};
			};
			buildConfigurationList = 38E7BC5B247C4201004E503D /* Build configuration list for PBXProject "myDiner" */;
			compatibilityVersion = "Xcode 9.3";
			developmentRegion = en;
			hasScannedForEncodings = 0;
			knownRegions = (
				en,
				Base,
			);
			mainGroup = 38E7BC57247C4201004E503D;
			productRefGroup = 38E7BC61247C4201004E503D /* Products */;
			projectDirPath = "";
			projectRoot = "";
			targets = (
				38E7BC5F247C4201004E503D /* myDiner */,
			);
		};
/* End PBXProject section */

/* Begin PBXResourcesBuildPhase section */
		38E7BC5E247C4201004E503D /* Resources */ = {
			isa = PBXResourcesBuildPhase;
			buildActionMask = 2147483647;
			files = (
				387DC88B24E6F0070059D94F /* Roboto-Thin.ttf in Resources */,
				387DC88A24E6F0070059D94F /* Roboto-Regular.ttf in Resources */,
				38E7BC70247C4204004E503D /* LaunchScreen.storyboard in Resources */,
				38E7BC6D247C4204004E503D /* Assets.xcassets in Resources */,
				387DC88924E6F0070059D94F /* Roboto-Bold.ttf in Resources */,
				387DC88824E6F0070059D94F /* Roboto-Light.ttf in Resources */,
				38E7BC6B247C4201004E503D /* Main.storyboard in Resources */,
			);
			runOnlyForDeploymentPostprocessing = 0;
		};
/* End PBXResourcesBuildPhase section */

/* Begin PBXShellScriptBuildPhase section */
		049A48650FE7DBB0ECA653B9 /* [CP] Check Pods Manifest.lock */ = {
			isa = PBXShellScriptBuildPhase;
			buildActionMask = 2147483647;
			files = (
			);
			inputFileListPaths = (
			);
			inputPaths = (
				"${PODS_PODFILE_DIR_PATH}/Podfile.lock",
				"${PODS_ROOT}/Manifest.lock",
			);
			name = "[CP] Check Pods Manifest.lock";
			outputFileListPaths = (
			);
			outputPaths = (
				"$(DERIVED_FILE_DIR)/Pods-myDiner-checkManifestLockResult.txt",
			);
			runOnlyForDeploymentPostprocessing = 0;
			shellPath = /bin/sh;
			shellScript = "diff \"${PODS_PODFILE_DIR_PATH}/Podfile.lock\" \"${PODS_ROOT}/Manifest.lock\" > /dev/null\nif [ $? != 0 ] ; then\n    # print error to STDERR\n    echo \"error: The sandbox is not in sync with the Podfile.lock. Run 'pod install' or update your CocoaPods installation.\" >&2\n    exit 1\nfi\n# This output is used by Xcode 'outputs' to avoid re-running this script phase.\necho \"SUCCESS\" > \"${SCRIPT_OUTPUT_FILE_0}\"\n";
			showEnvVarsInLog = 0;
		};
		7DD8043CFAE3A5F1A81AA59B /* [CP] Embed Pods Frameworks */ = {
			isa = PBXShellScriptBuildPhase;
			buildActionMask = 2147483647;
			files = (
			);
			inputFileListPaths = (
				"${PODS_ROOT}/Target Support Files/Pods-myDiner/Pods-myDiner-frameworks-${CONFIGURATION}-input-files.xcfilelist",
			);
			name = "[CP] Embed Pods Frameworks";
			outputFileListPaths = (
				"${PODS_ROOT}/Target Support Files/Pods-myDiner/Pods-myDiner-frameworks-${CONFIGURATION}-output-files.xcfilelist",
			);
			runOnlyForDeploymentPostprocessing = 0;
			shellPath = /bin/sh;
			shellScript = "\"${PODS_ROOT}/Target Support Files/Pods-myDiner/Pods-myDiner-frameworks.sh\"\n";
			showEnvVarsInLog = 0;
		};
/* End PBXShellScriptBuildPhase section */

/* Begin PBXSourcesBuildPhase section */
		38E7BC5C247C4201004E503D /* Sources */ = {
			isa = PBXSourcesBuildPhase;
			buildActionMask = 2147483647;
			files = (
				38E7BC7E2485D651004E503D /* Settings.swift in Sources */,
				38E7BC802485D68D004E503D /* NavController.swift in Sources */,
				38E7BC68247C4201004E503D /* Home.swift in Sources */,
				38E7BC7A2485CEF8004E503D /* Stats.swift in Sources */,
				38E7BC7C2485D647004E503D /* Menus.swift in Sources */,
				38E7BC7824816724004E503D /* TabController.swift in Sources */,
				38E7BC64247C4201004E503D /* AppDelegate.swift in Sources */,
			);
			runOnlyForDeploymentPostprocessing = 0;
		};
/* End PBXSourcesBuildPhase section */

/* Begin PBXVariantGroup section */
		38E7BC69247C4201004E503D /* Main.storyboard */ = {
			isa = PBXVariantGroup;
			children = (
				38E7BC6A247C4201004E503D /* Base */,
			);
			name = Main.storyboard;
			sourceTree = "<group>";
		};
		38E7BC6E247C4204004E503D /* LaunchScreen.storyboard */ = {
			isa = PBXVariantGroup;
			children = (
				38E7BC6F247C4204004E503D /* Base */,
			);
			name = LaunchScreen.storyboard;
			sourceTree = "<group>";
		};
/* End PBXVariantGroup section */

/* Begin XCBuildConfiguration section */
		38E7BC72247C4204004E503D /* Debug */ = {
			isa = XCBuildConfiguration;
			buildSettings = {
				ALWAYS_SEARCH_USER_PATHS = NO;
				CLANG_ANALYZER_NONNULL = YES;
				CLANG_ANALYZER_NUMBER_OBJECT_CONVERSION = YES_AGGRESSIVE;
				CLANG_CXX_LANGUAGE_STANDARD = "gnu++14";
				CLANG_CXX_LIBRARY = "libc++";
				CLANG_ENABLE_MODULES = YES;
				CLANG_ENABLE_OBJC_ARC = YES;
				CLANG_ENABLE_OBJC_WEAK = YES;
				CLANG_WARN_BLOCK_CAPTURE_AUTORELEASING = YES;
				CLANG_WARN_BOOL_CONVERSION = YES;
				CLANG_WARN_COMMA = YES;
				CLANG_WARN_CONSTANT_CONVERSION = YES;
				CLANG_WARN_DEPRECATED_OBJC_IMPLEMENTATIONS = YES;
				CLANG_WARN_DIRECT_OBJC_ISA_USAGE = YES_ERROR;
				CLANG_WARN_DOCUMENTATION_COMMENTS = YES;
				CLANG_WARN_EMPTY_BODY = YES;
				CLANG_WARN_ENUM_CONVERSION = YES;
				CLANG_WARN_INFINITE_RECURSION = YES;
				CLANG_WARN_INT_CONVERSION = YES;
				CLANG_WARN_NON_LITERAL_NULL_CONVERSION = YES;
				CLANG_WARN_OBJC_IMPLICIT_RETAIN_SELF = YES;
				CLANG_WARN_OBJC_LITERAL_CONVERSION = YES;
				CLANG_WARN_OBJC_ROOT_CLASS = YES_ERROR;
				CLANG_WARN_RANGE_LOOP_ANALYSIS = YES;
				CLANG_WARN_STRICT_PROTOTYPES = YES;
				CLANG_WARN_SUSPICIOUS_MOVE = YES;
				CLANG_WARN_UNGUARDED_AVAILABILITY = YES_AGGRESSIVE;
				CLANG_WARN_UNREACHABLE_CODE = YES;
				CLANG_WARN__DUPLICATE_METHOD_MATCH = YES;
				COPY_PHASE_STRIP = NO;
				DEBUG_INFORMATION_FORMAT = dwarf;
				ENABLE_STRICT_OBJC_MSGSEND = YES;
				ENABLE_TESTABILITY = YES;
				GCC_C_LANGUAGE_STANDARD = gnu11;
				GCC_DYNAMIC_NO_PIC = NO;
				GCC_NO_COMMON_BLOCKS = YES;
				GCC_OPTIMIZATION_LEVEL = 0;
				GCC_PREPROCESSOR_DEFINITIONS = (
					"DEBUG=1",
					"$(inherited)",
				);
				GCC_WARN_64_TO_32_BIT_CONVERSION = YES;
				GCC_WARN_ABOUT_RETURN_TYPE = YES_ERROR;
				GCC_WARN_UNDECLARED_SELECTOR = YES;
				GCC_WARN_UNINITIALIZED_AUTOS = YES_AGGRESSIVE;
				GCC_WARN_UNUSED_FUNCTION = YES;
				GCC_WARN_UNUSED_VARIABLE = YES;
				IPHONEOS_DEPLOYMENT_TARGET = 13.2;
				MTL_ENABLE_DEBUG_INFO = INCLUDE_SOURCE;
				MTL_FAST_MATH = YES;
				ONLY_ACTIVE_ARCH = YES;
				SDKROOT = iphoneos;
				SWIFT_ACTIVE_COMPILATION_CONDITIONS = DEBUG;
				SWIFT_OPTIMIZATION_LEVEL = "-Onone";
			};
			name = Debug;
		};
		38E7BC73247C4204004E503D /* Release */ = {
			isa = XCBuildConfiguration;
			buildSettings = {
				ALWAYS_SEARCH_USER_PATHS = NO;
				CLANG_ANALYZER_NONNULL = YES;
				CLANG_ANALYZER_NUMBER_OBJECT_CONVERSION = YES_AGGRESSIVE;
				CLANG_CXX_LANGUAGE_STANDARD = "gnu++14";
				CLANG_CXX_LIBRARY = "libc++";
				CLANG_ENABLE_MODULES = YES;
				CLANG_ENABLE_OBJC_ARC = YES;
				CLANG_ENABLE_OBJC_WEAK = YES;
				CLANG_WARN_BLOCK_CAPTURE_AUTORELEASING = YES;
				CLANG_WARN_BOOL_CONVERSION = YES;
				CLANG_WARN_COMMA = YES;
				CLANG_WARN_CONSTANT_CONVERSION = YES;
				CLANG_WARN_DEPRECATED_OBJC_IMPLEMENTATIONS = YES;
				CLANG_WARN_DIRECT_OBJC_ISA_USAGE = YES_ERROR;
				CLANG_WARN_DOCUMENTATION_COMMENTS = YES;
				CLANG_WARN_EMPTY_BODY = YES;
				CLANG_WARN_ENUM_CONVERSION = YES;
				CLANG_WARN_INFINITE_RECURSION = YES;
				CLANG_WARN_INT_CONVERSION = YES;
				CLANG_WARN_NON_LITERAL_NULL_CONVERSION = YES;
				CLANG_WARN_OBJC_IMPLICIT_RETAIN_SELF = YES;
				CLANG_WARN_OBJC_LITERAL_CONVERSION = YES;
				CLANG_WARN_OBJC_ROOT_CLASS = YES_ERROR;
				CLANG_WARN_RANGE_LOOP_ANALYSIS = YES;
				CLANG_WARN_STRICT_PROTOTYPES = YES;
				CLANG_WARN_SUSPICIOUS_MOVE = YES;
				CLANG_WARN_UNGUARDED_AVAILABILITY = YES_AGGRESSIVE;
				CLANG_WARN_UNREACHABLE_CODE = YES;
				CLANG_WARN__DUPLICATE_METHOD_MATCH = YES;
				COPY_PHASE_STRIP = NO;
				DEBUG_INFORMATION_FORMAT = "dwarf-with-dsym";
				ENABLE_NS_ASSERTIONS = NO;
				ENABLE_STRICT_OBJC_MSGSEND = YES;
				GCC_C_LANGUAGE_STANDARD = gnu11;
				GCC_NO_COMMON_BLOCKS = YES;
				GCC_WARN_64_TO_32_BIT_CONVERSION = YES;
				GCC_WARN_ABOUT_RETURN_TYPE = YES_ERROR;
				GCC_WARN_UNDECLARED_SELECTOR = YES;
				GCC_WARN_UNINITIALIZED_AUTOS = YES_AGGRESSIVE;
				GCC_WARN_UNUSED_FUNCTION = YES;
				GCC_WARN_UNUSED_VARIABLE = YES;
				IPHONEOS_DEPLOYMENT_TARGET = 13.2;
				MTL_ENABLE_DEBUG_INFO = NO;
				MTL_FAST_MATH = YES;
				SDKROOT = iphoneos;
				SWIFT_COMPILATION_MODE = wholemodule;
				SWIFT_OPTIMIZATION_LEVEL = "-O";
				VALIDATE_PRODUCT = YES;
			};
			name = Release;
		};
		38E7BC75247C4204004E503D /* Debug */ = {
			isa = XCBuildConfiguration;
			baseConfigurationReference = 0BDDE66B515544691072F5FA /* Pods-myDiner.debug.xcconfig */;
			buildSettings = {
				ASSETCATALOG_COMPILER_APPICON_NAME = AppIcon;
				CODE_SIGN_STYLE = Automatic;
				DEVELOPMENT_TEAM = 4Z8W7A2URZ;
				INFOPLIST_FILE = myDiner/Info.plist;
				LD_RUNPATH_SEARCH_PATHS = (
					"$(inherited)",
					"@executable_path/Frameworks",
				);
				PRODUCT_BUNDLE_IDENTIFIER = myDiner.myDiner;
				PRODUCT_NAME = "$(TARGET_NAME)";
				SWIFT_VERSION = 5.0;
				TARGETED_DEVICE_FAMILY = "1,2";
			};
			name = Debug;
		};
		38E7BC76247C4204004E503D /* Release */ = {
			isa = XCBuildConfiguration;
			baseConfigurationReference = 00B1545B28FB177B37B1DAA0 /* Pods-myDiner.release.xcconfig */;
			buildSettings = {
				ASSETCATALOG_COMPILER_APPICON_NAME = AppIcon;
				CODE_SIGN_STYLE = Automatic;
				DEVELOPMENT_TEAM = 4Z8W7A2URZ;
				INFOPLIST_FILE = myDiner/Info.plist;
				LD_RUNPATH_SEARCH_PATHS = (
					"$(inherited)",
					"@executable_path/Frameworks",
				);
				PRODUCT_BUNDLE_IDENTIFIER = myDiner.myDiner;
				PRODUCT_NAME = "$(TARGET_NAME)";
				SWIFT_VERSION = 5.0;
				TARGETED_DEVICE_FAMILY = "1,2";
			};
			name = Release;
		};
/* End XCBuildConfiguration section */

/* Begin XCConfigurationList section */
		38E7BC5B247C4201004E503D /* Build configuration list for PBXProject "myDiner" */ = {
			isa = XCConfigurationList;
			buildConfigurations = (
				38E7BC72247C4204004E503D /* Debug */,
				38E7BC73247C4204004E503D /* Release */,
			);
			defaultConfigurationIsVisible = 0;
			defaultConfigurationName = Release;
		};
		38E7BC74247C4204004E503D /* Build configuration list for PBXNativeTarget "myDiner" */ = {
			isa = XCConfigurationList;
			buildConfigurations = (
				38E7BC75247C4204004E503D /* Debug */,
				38E7BC76247C4204004E503D /* Release */,
			);
			defaultConfigurationIsVisible = 0;
			defaultConfigurationName = Release;
		};
/* End XCConfigurationList section */
	};
	rootObject = 38E7BC58247C4201004E503D /* Project object */;
}
